
Microsoft Visual Studio Solution File, Format Version 12.00
# Visual Studio Version 16
VisualStudioVersion = 16.0.30406.217
MinimumVisualStudioVersion = 10.0.40219.1
Project("{FAE04EC0-301F-11D3-BF4B-00C04F79EFBC}") = "StefansYTDemoWeb", "StefansYTDemoWeb\StefansYTDemoWeb.csproj", "{5837E153-A205-4ED2-B856-74C76E9D0A40}"
EndProject
Global
	GlobalSection(SolutionConfigurationPlatforms) = preSolution
		Debug|Any CPU = Debug|Any CPU
		Release|Any CPU = Release|Any CPU
	EndGlobalSection
	GlobalSection(ProjectConfigurationPlatforms) = postSolution
		{5837E153-A205-4ED2-B856-74C76E9D0A40}.Debug|Any CPU.ActiveCfg = Debug|Any CPU
		{5837E153-A205-4ED2-B856-74C76E9D0A40}.Debug|Any CPU.Build.0 = Debug|Any CPU
		{5837E153-A205-4ED2-B856-74C76E9D0A40}.Release|Any CPU.ActiveCfg = Release|Any CPU
		{5837E153-A205-4ED2-B856-74C76E9D0A40}.Release|Any CPU.Build.0 = Release|Any CPU
	EndGlobalSection
	GlobalSection(SolutionProperties) = preSolution
		HideSolutionNode = FALSE
	EndGlobalSection
	GlobalSection(ExtensibilityGlobals) = postSolution
		SolutionGuid = {CC942CC6-F085-411D-9873-F1D8FCEB6052}
	EndGlobalSection
EndGlobal
